
Microsoft Visual Studio Solution File, Format Version 12.00
# Visual Studio Version 17
VisualStudioVersion = 17.3.32929.385
MinimumVisualStudioVersion = 10.0.40219.1
Project("{FAE04EC0-301F-11D3-BF4B-00C04F79EFBC}") = "ScoreCard", "ScoreCard\ScoreCard.csproj", "{8E1322EE-0B85-4514-9F88-BD8EC143817F}"
EndProject
Global
	GlobalSection(SolutionConfigurationPlatforms) = preSolution
		Debug|Any CPU = Debug|Any CPU
		Release|Any CPU = Release|Any CPU
	EndGlobalSection
	GlobalSection(ProjectConfigurationPlatforms) = postSolution
		{8E1322EE-0B85-4514-9F88-BD8EC143817F}.Debug|Any CPU.ActiveCfg = Debug|Any CPU
		{8E1322EE-0B85-4514-9F88-BD8EC143817F}.Debug|Any CPU.Build.0 = Debug|Any CPU
		{8E1322EE-0B85-4514-9F88-BD8EC143817F}.Release|Any CPU.ActiveCfg = Release|Any CPU
		{8E1322EE-0B85-4514-9F88-BD8EC143817F}.Release|Any CPU.Build.0 = Release|Any CPU
	EndGlobalSection
	GlobalSection(SolutionProperties) = preSolution
		HideSolutionNode = FALSE
	EndGlobalSection
	GlobalSection(ExtensibilityGlobals) = postSolution
		SolutionGuid = {1DE47861-51D9-4934-B715-0FED686F85A1}
	EndGlobalSection
EndGlobal
