
Microsoft Visual Studio Solution File, Format Version 12.00
# Visual Studio Version 17
VisualStudioVersion = 17.3.32929.385
MinimumVisualStudioVersion = 10.0.40219.1
Project("{FAE04EC0-301F-11D3-BF4B-00C04F79EFBC}") = "SealedKeyword", "SealedKeyword\SealedKeyword.csproj", "{4FF9F1C9-0DB9-4CF1-9D5E-FE5CD2FF19CC}"
EndProject
Global
	GlobalSection(SolutionConfigurationPlatforms) = preSolution
		Debug|Any CPU = Debug|Any CPU
		Release|Any CPU = Release|Any CPU
	EndGlobalSection
	GlobalSection(ProjectConfigurationPlatforms) = postSolution
		{4FF9F1C9-0DB9-4CF1-9D5E-FE5CD2FF19CC}.Debug|Any CPU.ActiveCfg = Debug|Any CPU
		{4FF9F1C9-0DB9-4CF1-9D5E-FE5CD2FF19CC}.Debug|Any CPU.Build.0 = Debug|Any CPU
		{4FF9F1C9-0DB9-4CF1-9D5E-FE5CD2FF19CC}.Release|Any CPU.ActiveCfg = Release|Any CPU
		{4FF9F1C9-0DB9-4CF1-9D5E-FE5CD2FF19CC}.Release|Any CPU.Build.0 = Release|Any CPU
	EndGlobalSection
	GlobalSection(SolutionProperties) = preSolution
		HideSolutionNode = FALSE
	EndGlobalSection
	GlobalSection(ExtensibilityGlobals) = postSolution
		SolutionGuid = {7DAD8333-4F87-47B6-9993-B1C884C4594E}
	EndGlobalSection
EndGlobal
