
Microsoft Visual Studio Solution File, Format Version 12.00
# Visual Studio Version 17
VisualStudioVersion = 17.3.32929.385
MinimumVisualStudioVersion = 10.0.40219.1
Project("{FAE04EC0-301F-11D3-BF4B-00C04F79EFBC}") = "ClassDemo", "ClassDemo\ClassDemo.csproj", "{1AD3686C-EA59-4A45-B588-44DCF976E1DF}"
EndProject
Global
	GlobalSection(SolutionConfigurationPlatforms) = preSolution
		Debug|Any CPU = Debug|Any CPU
		Release|Any CPU = Release|Any CPU
	EndGlobalSection
	GlobalSection(ProjectConfigurationPlatforms) = postSolution
		{1AD3686C-EA59-4A45-B588-44DCF976E1DF}.Debug|Any CPU.ActiveCfg = Debug|Any CPU
		{1AD3686C-EA59-4A45-B588-44DCF976E1DF}.Debug|Any CPU.Build.0 = Debug|Any CPU
		{1AD3686C-EA59-4A45-B588-44DCF976E1DF}.Release|Any CPU.ActiveCfg = Release|Any CPU
		{1AD3686C-EA59-4A45-B588-44DCF976E1DF}.Release|Any CPU.Build.0 = Release|Any CPU
	EndGlobalSection
	GlobalSection(SolutionProperties) = preSolution
		HideSolutionNode = FALSE
	EndGlobalSection
	GlobalSection(ExtensibilityGlobals) = postSolution
		SolutionGuid = {02DC53B5-FFA9-43F0-8941-BCFCE81B27D5}
	EndGlobalSection
EndGlobal
