
Microsoft Visual Studio Solution File, Format Version 12.00
# Visual Studio Version 17
VisualStudioVersion = 17.3.32929.385
MinimumVisualStudioVersion = 10.0.40219.1
Project("{FAE04EC0-301F-11D3-BF4B-00C04F79EFBC}") = "ProductListApp", "ProductListApp\ProductListApp.csproj", "{B21AC442-A309-49A1-9C28-47A679A39D45}"
EndProject
Global
	GlobalSection(SolutionConfigurationPlatforms) = preSolution
		Debug|Any CPU = Debug|Any CPU
		Release|Any CPU = Release|Any CPU
	EndGlobalSection
	GlobalSection(ProjectConfigurationPlatforms) = postSolution
		{B21AC442-A309-49A1-9C28-47A679A39D45}.Debug|Any CPU.ActiveCfg = Debug|Any CPU
		{B21AC442-A309-49A1-9C28-47A679A39D45}.Debug|Any CPU.Build.0 = Debug|Any CPU
		{B21AC442-A309-49A1-9C28-47A679A39D45}.Release|Any CPU.ActiveCfg = Release|Any CPU
		{B21AC442-A309-49A1-9C28-47A679A39D45}.Release|Any CPU.Build.0 = Release|Any CPU
	EndGlobalSection
	GlobalSection(SolutionProperties) = preSolution
		HideSolutionNode = FALSE
	EndGlobalSection
	GlobalSection(ExtensibilityGlobals) = postSolution
		SolutionGuid = {E40FF8BC-F706-47C3-8F81-3F1D6DB700CB}
	EndGlobalSection
EndGlobal
